// !$*UTF8*$!
{
	archiveVersion = 1;
	classes = {
	};
	objectVersion = 46;
	objects = {

/* Begin PBXBuildFile section */
		270CA3F01DBA7088005C8557 /* AppDesignStyle.m in Sources */ = {isa = PBXBuildFile; fileRef = 270CA3EF1DBA7088005C8557 /* AppDesignStyle.m */; };
		270CA3F31DBA78CD005C8557 /* WebsiteMonitor.m in Sources */ = {isa = PBXBuildFile; fileRef = 270CA3F21DBA78CD005C8557 /* WebsiteMonitor.m */; };
		271D3D1A1DBBF9E200BD4B97 /* WebsiteStore.m in Sources */ = {isa = PBXBuildFile; fileRef = 271D3D191DBBF9E200BD4B97 /* WebsiteStore.m */; };
		271E764E1D7346CF00E27061 /* README in Resources */ = {isa = PBXBuildFile; fileRef = 271E764D1D7346CF00E27061 /* README */; };
		2754BF781D00CE4100B6A1D1 /* NewWebsiteTableViewController.m in Sources */ = {isa = PBXBuildFile; fileRef = 2754BF771D00CE4100B6A1D1 /* NewWebsiteTableViewController.m */; };
		27A74ECE1CFE17D400FE1A80 /* main.m in Sources */ = {isa = PBXBuildFile; fileRef = 27A74ECD1CFE17D400FE1A80 /* main.m */; };
		27A74ED11CFE17D400FE1A80 /* AppDelegate.m in Sources */ = {isa = PBXBuildFile; fileRef = 27A74ED01CFE17D400FE1A80 /* AppDelegate.m */; };
		27A74ED71CFE17D500FE1A80 /* Main.storyboard in Resources */ = {isa = PBXBuildFile; fileRef = 27A74ED51CFE17D500FE1A80 /* Main.storyboard */; };
		27A74EDC1CFE17D600FE1A80 /* Assets.xcassets in Resources */ = {isa = PBXBuildFile; fileRef = 27A74EDB1CFE17D600FE1A80 /* Assets.xcassets */; };
		27A74EDF1CFE17D600FE1A80 /* LaunchScreen.storyboard in Resources */ = {isa = PBXBuildFile; fileRef = 27A74EDD1CFE17D600FE1A80 /* LaunchScreen.storyboard */; };
		27A74EEA1CFE17DA00FE1A80 /* WebWatcherTests.m in Sources */ = {isa = PBXBuildFile; fileRef = 27A74EE91CFE17DA00FE1A80 /* WebWatcherTests.m */; };
		27A74EF51CFE17DB00FE1A80 /* WebWatcherUITests.m in Sources */ = {isa = PBXBuildFile; fileRef = 27A74EF41CFE17DB00FE1A80 /* WebWatcherUITests.m */; };
		27A74F041CFE1EC700FE1A80 /* WebsiteTableViewController.m in Sources */ = {isa = PBXBuildFile; fileRef = 27A74F031CFE1EC700FE1A80 /* WebsiteTableViewController.m */; };
		27A74F071CFE3A7600FE1A80 /* ListTableViewController.m in Sources */ = {isa = PBXBuildFile; fileRef = 27A74F061CFE3A7600FE1A80 /* ListTableViewController.m */; };
		27F804871D04C68800B49C02 /* InfoTableViewController.m in Sources */ = {isa = PBXBuildFile; fileRef = 27F804861D04C68800B49C02 /* InfoTableViewController.m */; };
/* End PBXBuildFile section */

/* Begin PBXContainerItemProxy section */
		27A74EE61CFE17DA00FE1A80 /* PBXContainerItemProxy */ = {
			isa = PBXContainerItemProxy;
			containerPortal = 27A74EC11CFE17D300FE1A80 /* Project object */;
			proxyType = 1;
			remoteGlobalIDString = 27A74EC81CFE17D400FE1A80;
			remoteInfo = WebWatcher;
		};
		27A74EF11CFE17DA00FE1A80 /* PBXContainerItemProxy */ = {
			isa = PBXContainerItemProxy;
			containerPortal = 27A74EC11CFE17D300FE1A80 /* Project object */;
			proxyType = 1;
			remoteGlobalIDString = 27A74EC81CFE17D400FE1A80;
			remoteInfo = WebWatcher;
		};
/* End PBXContainerItemProxy section */

/* Begin PBXFileReference section */
		270CA3EE1DBA7088005C8557 /* AppDesignStyle.h */ = {isa = PBXFileReference; fileEncoding = 4; lastKnownFileType = sourcecode.c.h; name = AppDesignStyle.h; path = Classes/AppDesignStyle.h; sourceTree = "<group>"; };
		270CA3EF1DBA7088005C8557 /* AppDesignStyle.m */ = {isa = PBXFileReference; fileEncoding = 4; lastKnownFileType = sourcecode.c.objc; name = AppDesignStyle.m; path = Classes/AppDesignStyle.m; sourceTree = "<group>"; };
		270CA3F11DBA78CD005C8557 /* WebsiteMonitor.h */ = {isa = PBXFileReference; fileEncoding = 4; lastKnownFileType = sourcecode.c.h; path = WebsiteMonitor.h; sourceTree = "<group>"; };
		270CA3F21DBA78CD005C8557 /* WebsiteMonitor.m */ = {isa = PBXFileReference; fileEncoding = 4; lastKnownFileType = sourcecode.c.objc; path = WebsiteMonitor.m; sourceTree = "<group>"; };
		271D3D181DBBF9E200BD4B97 /* WebsiteStore.h */ = {isa = PBXFileReference; fileEncoding = 4; lastKnownFileType = sourcecode.c.h; name = WebsiteStore.h; path = Classes/WebsiteStore.h; sourceTree = "<group>"; };
		271D3D191DBBF9E200BD4B97 /* WebsiteStore.m */ = {isa = PBXFileReference; fileEncoding = 4; lastKnownFileType = sourcecode.c.objc; name = WebsiteStore.m; path = Classes/WebsiteStore.m; sourceTree = "<group>"; };
		271E764D1D7346CF00E27061 /* README */ = {isa = PBXFileReference; fileEncoding = 4; lastKnownFileType = text; path = README; sourceTree = SOURCE_ROOT; };
		2754BF761D00CE4100B6A1D1 /* NewWebsiteTableViewController.h */ = {isa = PBXFileReference; fileEncoding = 4; lastKnownFileType = sourcecode.c.h; name = NewWebsiteTableViewController.h; path = Classes/NewWebsiteTableViewController.h; sourceTree = "<group>"; };
		2754BF771D00CE4100B6A1D1 /* NewWebsiteTableViewController.m */ = {isa = PBXFileReference; fileEncoding = 4; lastKnownFileType = sourcecode.c.objc; name = NewWebsiteTableViewController.m; path = Classes/NewWebsiteTableViewController.m; sourceTree = "<group>"; };
		27A74EC91CFE17D400FE1A80 /* WebWatcher.app */ = {isa = PBXFileReference; explicitFileType = wrapper.application; includeInIndex = 0; path = WebWatcher.app; sourceTree = BUILT_PRODUCTS_DIR; };
		27A74ECD1CFE17D400FE1A80 /* main.m */ = {isa = PBXFileReference; lastKnownFileType = sourcecode.c.objc; path = main.m; sourceTree = "<group>"; };
		27A74ECF1CFE17D400FE1A80 /* AppDelegate.h */ = {isa = PBXFileReference; lastKnownFileType = sourcecode.c.h; path = AppDelegate.h; sourceTree = "<group>"; };
		27A74ED01CFE17D400FE1A80 /* AppDelegate.m */ = {isa = PBXFileReference; lastKnownFileType = sourcecode.c.objc; path = AppDelegate.m; sourceTree = "<group>"; };
		27A74ED61CFE17D500FE1A80 /* Base */ = {isa = PBXFileReference; lastKnownFileType = file.storyboard; name = Base; path = Base.lproj/Main.storyboard; sourceTree = "<group>"; };
		27A74EDB1CFE17D600FE1A80 /* Assets.xcassets */ = {isa = PBXFileReference; lastKnownFileType = folder.assetcatalog; path = Assets.xcassets; sourceTree = "<group>"; };
		27A74EDE1CFE17D600FE1A80 /* Base */ = {isa = PBXFileReference; lastKnownFileType = file.storyboard; name = Base; path = Base.lproj/LaunchScreen.storyboard; sourceTree = "<group>"; };
		27A74EE01CFE17D600FE1A80 /* Info.plist */ = {isa = PBXFileReference; lastKnownFileType = text.plist.xml; path = Info.plist; sourceTree = "<group>"; };
		27A74EE51CFE17DA00FE1A80 /* WebWatcherTests.xctest */ = {isa = PBXFileReference; explicitFileType = wrapper.cfbundle; includeInIndex = 0; path = WebWatcherTests.xctest; sourceTree = BUILT_PRODUCTS_DIR; };
		27A74EE91CFE17DA00FE1A80 /* WebWatcherTests.m */ = {isa = PBXFileReference; lastKnownFileType = sourcecode.c.objc; path = WebWatcherTests.m; sourceTree = "<group>"; };
		27A74EEB1CFE17DA00FE1A80 /* Info.plist */ = {isa = PBXFileReference; lastKnownFileType = text.plist.xml; path = Info.plist; sourceTree = "<group>"; };
		27A74EF01CFE17DA00FE1A80 /* WebWatcherUITests.xctest */ = {isa = PBXFileReference; explicitFileType = wrapper.cfbundle; includeInIndex = 0; path = WebWatcherUITests.xctest; sourceTree = BUILT_PRODUCTS_DIR; };
		27A74EF41CFE17DB00FE1A80 /* WebWatcherUITests.m */ = {isa = PBXFileReference; lastKnownFileType = sourcecode.c.objc; path = WebWatcherUITests.m; sourceTree = "<group>"; };
		27A74EF61CFE17DB00FE1A80 /* Info.plist */ = {isa = PBXFileReference; lastKnownFileType = text.plist.xml; path = Info.plist; sourceTree = "<group>"; };
		27A74F021CFE1EC700FE1A80 /* WebsiteTableViewController.h */ = {isa = PBXFileReference; fileEncoding = 4; lastKnownFileType = sourcecode.c.h; name = WebsiteTableViewController.h; path = Classes/WebsiteTableViewController.h; sourceTree = "<group>"; };
		27A74F031CFE1EC700FE1A80 /* WebsiteTableViewController.m */ = {isa = PBXFileReference; fileEncoding = 4; lastKnownFileType = sourcecode.c.objc; name = WebsiteTableViewController.m; path = Classes/WebsiteTableViewController.m; sourceTree = "<group>"; };
		27A74F051CFE3A7600FE1A80 /* ListTableViewController.h */ = {isa = PBXFileReference; fileEncoding = 4; lastKnownFileType = sourcecode.c.h; name = ListTableViewController.h; path = Classes/ListTableViewController.h; sourceTree = "<group>"; };
		27A74F061CFE3A7600FE1A80 /* ListTableViewController.m */ = {isa = PBXFileReference; fileEncoding = 4; lastKnownFileType = sourcecode.c.objc; name = ListTableViewController.m; path = Classes/ListTableViewController.m; sourceTree = "<group>"; };
		27F804851D04C68800B49C02 /* InfoTableViewController.h */ = {isa = PBXFileReference; fileEncoding = 4; lastKnownFileType = sourcecode.c.h; name = InfoTableViewController.h; path = Classes/InfoTableViewController.h; sourceTree = "<group>"; };
		27F804861D04C68800B49C02 /* InfoTableViewController.m */ = {isa = PBXFileReference; fileEncoding = 4; lastKnownFileType = sourcecode.c.objc; name = InfoTableViewController.m; path = Classes/InfoTableViewController.m; sourceTree = "<group>"; };
/* End PBXFileReference section */

/* Begin PBXFrameworksBuildPhase section */
		27A74EC61CFE17D400FE1A80 /* Frameworks */ = {
			isa = PBXFrameworksBuildPhase;
			buildActionMask = 2147483647;
			files = (
			);
			runOnlyForDeploymentPostprocessing = 0;
		};
		27A74EE21CFE17DA00FE1A80 /* Frameworks */ = {
			isa = PBXFrameworksBuildPhase;
			buildActionMask = 2147483647;
			files = (
			);
			runOnlyForDeploymentPostprocessing = 0;
		};
		27A74EED1CFE17DA00FE1A80 /* Frameworks */ = {
			isa = PBXFrameworksBuildPhase;
			buildActionMask = 2147483647;
			files = (
			);
			runOnlyForDeploymentPostprocessing = 0;
		};
/* End PBXFrameworksBuildPhase section */

/* Begin PBXGroup section */
		2755F0D71D20592600E67C4E /* Application */ = {
			isa = PBXGroup;
			children = (
				27A74ECF1CFE17D400FE1A80 /* AppDelegate.h */,
				27A74ED01CFE17D400FE1A80 /* AppDelegate.m */,
				271D3D181DBBF9E200BD4B97 /* WebsiteStore.h */,
				271D3D191DBBF9E200BD4B97 /* WebsiteStore.m */,
				270CA3F11DBA78CD005C8557 /* WebsiteMonitor.h */,
				270CA3F21DBA78CD005C8557 /* WebsiteMonitor.m */,
				270CA3EE1DBA7088005C8557 /* AppDesignStyle.h */,
				270CA3EF1DBA7088005C8557 /* AppDesignStyle.m */,
			);
			name = Application;
			sourceTree = "<group>";
		};
		2755F0D81D20594700E67C4E /* Controllers */ = {
			isa = PBXGroup;
			children = (
				27A74F051CFE3A7600FE1A80 /* ListTableViewController.h */,
				27A74F061CFE3A7600FE1A80 /* ListTableViewController.m */,
				2754BF761D00CE4100B6A1D1 /* NewWebsiteTableViewController.h */,
				2754BF771D00CE4100B6A1D1 /* NewWebsiteTableViewController.m */,
				27A74F021CFE1EC700FE1A80 /* WebsiteTableViewController.h */,
				27A74F031CFE1EC700FE1A80 /* WebsiteTableViewController.m */,
				27F804851D04C68800B49C02 /* InfoTableViewController.h */,
				27F804861D04C68800B49C02 /* InfoTableViewController.m */,
			);
			name = Controllers;
			sourceTree = "<group>";
		};
		2755F0D91D205BA800E67C4E /* Storyboards */ = {
			isa = PBXGroup;
			children = (
				27A74ED51CFE17D500FE1A80 /* Main.storyboard */,
				27A74EDD1CFE17D600FE1A80 /* LaunchScreen.storyboard */,
			);
			name = Storyboards;
			sourceTree = "<group>";
		};
		27A74EC01CFE17D300FE1A80 = {
			isa = PBXGroup;
			children = (
				27A74ECB1CFE17D400FE1A80 /* WebWatcher */,
				27A74EE81CFE17DA00FE1A80 /* WebWatcherTests */,
				27A74EF31CFE17DA00FE1A80 /* WebWatcherUITests */,
				27A74ECA1CFE17D400FE1A80 /* Products */,
			);
			sourceTree = "<group>";
		};
		27A74ECA1CFE17D400FE1A80 /* Products */ = {
			isa = PBXGroup;
			children = (
				27A74EC91CFE17D400FE1A80 /* WebWatcher.app */,
				27A74EE51CFE17DA00FE1A80 /* WebWatcherTests.xctest */,
				27A74EF01CFE17DA00FE1A80 /* WebWatcherUITests.xctest */,
			);
			name = Products;
			sourceTree = "<group>";
		};
		27A74ECB1CFE17D400FE1A80 /* WebWatcher */ = {
			isa = PBXGroup;
			children = (
				2755F0D71D20592600E67C4E /* Application */,
				2755F0D91D205BA800E67C4E /* Storyboards */,
				2755F0D81D20594700E67C4E /* Controllers */,
				27A74ECC1CFE17D400FE1A80 /* Supporting Files */,
				27A74EDB1CFE17D600FE1A80 /* Assets.xcassets */,
			);
			path = WebWatcher;
			sourceTree = "<group>";
		};
		27A74ECC1CFE17D400FE1A80 /* Supporting Files */ = {
			isa = PBXGroup;
			children = (
				271E764D1D7346CF00E27061 /* README */,
				27A74EE01CFE17D600FE1A80 /* Info.plist */,
				27A74ECD1CFE17D400FE1A80 /* main.m */,
			);
			name = "Supporting Files";
			sourceTree = "<group>";
		};
		27A74EE81CFE17DA00FE1A80 /* WebWatcherTests */ = {
			isa = PBXGroup;
			children = (
				27A74EE91CFE17DA00FE1A80 /* WebWatcherTests.m */,
				27A74EEB1CFE17DA00FE1A80 /* Info.plist */,
			);
			path = WebWatcherTests;
			sourceTree = "<group>";
		};
		27A74EF31CFE17DA00FE1A80 /* WebWatcherUITests */ = {
			isa = PBXGroup;
			children = (
				27A74EF41CFE17DB00FE1A80 /* WebWatcherUITests.m */,
				27A74EF61CFE17DB00FE1A80 /* Info.plist */,
			);
			path = WebWatcherUITests;
			sourceTree = "<group>";
		};
/* End PBXGroup section */

/* Begin PBXNativeTarget section */
		27A74EC81CFE17D400FE1A80 /* WebWatcher */ = {
			isa = PBXNativeTarget;
			buildConfigurationList = 27A74EF91CFE17DB00FE1A80 /* Build configuration list for PBXNativeTarget "WebWatcher" */;
			buildPhases = (
				27A74EC51CFE17D400FE1A80 /* Sources */,
				27A74EC61CFE17D400FE1A80 /* Frameworks */,
				27A74EC71CFE17D400FE1A80 /* Resources */,
			);
			buildRules = (
			);
			dependencies = (
			);
			name = WebWatcher;
			productName = WebWatcher;
			productReference = 27A74EC91CFE17D400FE1A80 /* WebWatcher.app */;
			productType = "com.apple.product-type.application";
		};
		27A74EE41CFE17DA00FE1A80 /* WebWatcherTests */ = {
			isa = PBXNativeTarget;
			buildConfigurationList = 27A74EFC1CFE17DB00FE1A80 /* Build configuration list for PBXNativeTarget "WebWatcherTests" */;
			buildPhases = (
				27A74EE11CFE17DA00FE1A80 /* Sources */,
				27A74EE21CFE17DA00FE1A80 /* Frameworks */,
				27A74EE31CFE17DA00FE1A80 /* Resources */,
			);
			buildRules = (
			);
			dependencies = (
				27A74EE71CFE17DA00FE1A80 /* PBXTargetDependency */,
			);
			name = WebWatcherTests;
			productName = WebWatcherTests;
			productReference = 27A74EE51CFE17DA00FE1A80 /* WebWatcherTests.xctest */;
			productType = "com.apple.product-type.bundle.unit-test";
		};
		27A74EEF1CFE17DA00FE1A80 /* WebWatcherUITests */ = {
			isa = PBXNativeTarget;
			buildConfigurationList = 27A74EFF1CFE17DB00FE1A80 /* Build configuration list for PBXNativeTarget "WebWatcherUITests" */;
			buildPhases = (
				27A74EEC1CFE17DA00FE1A80 /* Sources */,
				27A74EED1CFE17DA00FE1A80 /* Frameworks */,
				27A74EEE1CFE17DA00FE1A80 /* Resources */,
			);
			buildRules = (
			);
			dependencies = (
				27A74EF21CFE17DA00FE1A80 /* PBXTargetDependency */,
			);
			name = WebWatcherUITests;
			productName = WebWatcherUITests;
			productReference = 27A74EF01CFE17DA00FE1A80 /* WebWatcherUITests.xctest */;
			productType = "com.apple.product-type.bundle.ui-testing";
		};
/* End PBXNativeTarget section */

/* Begin PBXProject section */
		27A74EC11CFE17D300FE1A80 /* Project object */ = {
			isa = PBXProject;
			attributes = {
				LastUpgradeCheck = 0800;
				ORGANIZATIONNAME = "Kyle Genoe";
				TargetAttributes = {
					27A74EC81CFE17D400FE1A80 = {
						CreatedOnToolsVersion = 7.3.1;
						DevelopmentTeam = V9CEBD9ZBT;
						SystemCapabilities = {
							com.apple.BackgroundModes = {
								enabled = 1;
							};
							com.apple.Push = {
								enabled = 1;
							};
						};
					};
					27A74EE41CFE17DA00FE1A80 = {
						CreatedOnToolsVersion = 7.3.1;
						TestTargetID = 27A74EC81CFE17D400FE1A80;
					};
					27A74EEF1CFE17DA00FE1A80 = {
						CreatedOnToolsVersion = 7.3.1;
						TestTargetID = 27A74EC81CFE17D400FE1A80;
					};
				};
			};
			buildConfigurationList = 27A74EC41CFE17D300FE1A80 /* Build configuration list for PBXProject "WebWatcher" */;
			compatibilityVersion = "Xcode 3.2";
			developmentRegion = English;
			hasScannedForEncodings = 0;
			knownRegions = (
				en,
				Base,
			);
			mainGroup = 27A74EC01CFE17D300FE1A80;
			productRefGroup = 27A74ECA1CFE17D400FE1A80 /* Products */;
			projectDirPath = "";
			projectRoot = "";
			targets = (
				27A74EC81CFE17D400FE1A80 /* WebWatcher */,
				27A74EE41CFE17DA00FE1A80 /* WebWatcherTests */,
				27A74EEF1CFE17DA00FE1A80 /* WebWatcherUITests */,
			);
		};
/* End PBXProject section */

/* Begin PBXResourcesBuildPhase section */
		27A74EC71CFE17D400FE1A80 /* Resources */ = {
			isa = PBXResourcesBuildPhase;
			buildActionMask = 2147483647;
			files = (
				271E764E1D7346CF00E27061 /* README in Resources */,
				27A74EDF1CFE17D600FE1A80 /* LaunchScreen.storyboard in Resources */,
				27A74EDC1CFE17D600FE1A80 /* Assets.xcassets in Resources */,
				27A74ED71CFE17D500FE1A80 /* Main.storyboard in Resources */,
			);
			runOnlyForDeploymentPostprocessing = 0;
		};
		27A74EE31CFE17DA00FE1A80 /* Resources */ = {
			isa = PBXResourcesBuildPhase;
			buildActionMask = 2147483647;
			files = (
			);
			runOnlyForDeploymentPostprocessing = 0;
		};
		27A74EEE1CFE17DA00FE1A80 /* Resources */ = {
			isa = PBXResourcesBuildPhase;
			buildActionMask = 2147483647;
			files = (
			);
			runOnlyForDeploymentPostprocessing = 0;
		};
/* End PBXResourcesBuildPhase section */

/* Begin PBXSourcesBuildPhase section */
		27A74EC51CFE17D400FE1A80 /* Sources */ = {
			isa = PBXSourcesBuildPhase;
			buildActionMask = 2147483647;
			files = (
				27A74F041CFE1EC700FE1A80 /* WebsiteTableViewController.m in Sources */,
				27A74ED11CFE17D400FE1A80 /* AppDelegate.m in Sources */,
				27F804871D04C68800B49C02 /* InfoTableViewController.m in Sources */,
				27A74ECE1CFE17D400FE1A80 /* main.m in Sources */,
				270CA3F01DBA7088005C8557 /* AppDesignStyle.m in Sources */,
				2754BF781D00CE4100B6A1D1 /* NewWebsiteTableViewController.m in Sources */,
				270CA3F31DBA78CD005C8557 /* WebsiteMonitor.m in Sources */,
				271D3D1A1DBBF9E200BD4B97 /* WebsiteStore.m in Sources */,
				27A74F071CFE3A7600FE1A80 /* ListTableViewController.m in Sources */,
			);
			runOnlyForDeploymentPostprocessing = 0;
		};
		27A74EE11CFE17DA00FE1A80 /* Sources */ = {
			isa = PBXSourcesBuildPhase;
			buildActionMask = 2147483647;
			files = (
				27A74EEA1CFE17DA00FE1A80 /* WebWatcherTests.m in Sources */,
			);
			runOnlyForDeploymentPostprocessing = 0;
		};
		27A74EEC1CFE17DA00FE1A80 /* Sources */ = {
			isa = PBXSourcesBuildPhase;
			buildActionMask = 2147483647;
			files = (
				27A74EF51CFE17DB00FE1A80 /* WebWatcherUITests.m in Sources */,
			);
			runOnlyForDeploymentPostprocessing = 0;
		};
/* End PBXSourcesBuildPhase section */

/* Begin PBXTargetDependency section */
		27A74EE71CFE17DA00FE1A80 /* PBXTargetDependency */ = {
			isa = PBXTargetDependency;
			target = 27A74EC81CFE17D400FE1A80 /* WebWatcher */;
			targetProxy = 27A74EE61CFE17DA00FE1A80 /* PBXContainerItemProxy */;
		};
		27A74EF21CFE17DA00FE1A80 /* PBXTargetDependency */ = {
			isa = PBXTargetDependency;
			target = 27A74EC81CFE17D400FE1A80 /* WebWatcher */;
			targetProxy = 27A74EF11CFE17DA00FE1A80 /* PBXContainerItemProxy */;
		};
/* End PBXTargetDependency section */

/* Begin PBXVariantGroup section */
		27A74ED51CFE17D500FE1A80 /* Main.storyboard */ = {
			isa = PBXVariantGroup;
			children = (
				27A74ED61CFE17D500FE1A80 /* Base */,
			);
			name = Main.storyboard;
			sourceTree = "<group>";
		};
		27A74EDD1CFE17D600FE1A80 /* LaunchScreen.storyboard */ = {
			isa = PBXVariantGroup;
			children = (
				27A74EDE1CFE17D600FE1A80 /* Base */,
			);
			name = LaunchScreen.storyboard;
			sourceTree = "<group>";
		};
/* End PBXVariantGroup section */

/* Begin XCBuildConfiguration section */
		27A74EF71CFE17DB00FE1A80 /* Debug */ = {
			isa = XCBuildConfiguration;
			buildSettings = {
				ALWAYS_SEARCH_USER_PATHS = NO;
				CLANG_ANALYZER_NONNULL = YES;
				CLANG_CXX_LANGUAGE_STANDARD = "gnu++0x";
				CLANG_CXX_LIBRARY = "libc++";
				CLANG_ENABLE_MODULES = YES;
				CLANG_ENABLE_OBJC_ARC = YES;
				CLANG_WARN_BOOL_CONVERSION = YES;
				CLANG_WARN_CONSTANT_CONVERSION = YES;
				CLANG_WARN_DIRECT_OBJC_ISA_USAGE = YES_ERROR;
				CLANG_WARN_EMPTY_BODY = YES;
				CLANG_WARN_ENUM_CONVERSION = YES;
				CLANG_WARN_INFINITE_RECURSION = YES;
				CLANG_WARN_INT_CONVERSION = YES;
				CLANG_WARN_OBJC_ROOT_CLASS = YES_ERROR;
				CLANG_WARN_SUSPICIOUS_MOVE = YES;
				CLANG_WARN_UNREACHABLE_CODE = YES;
				CLANG_WARN__DUPLICATE_METHOD_MATCH = YES;
				"CODE_SIGN_IDENTITY[sdk=iphoneos*]" = "iPhone Developer";
				COPY_PHASE_STRIP = NO;
				DEBUG_INFORMATION_FORMAT = dwarf;
				ENABLE_STRICT_OBJC_MSGSEND = YES;
				ENABLE_TESTABILITY = YES;
				GCC_C_LANGUAGE_STANDARD = gnu99;
				GCC_DYNAMIC_NO_PIC = NO;
				GCC_NO_COMMON_BLOCKS = YES;
				GCC_OPTIMIZATION_LEVEL = 0;
				GCC_PREPROCESSOR_DEFINITIONS = (
					"DEBUG=1",
					"$(inherited)",
				);
				GCC_WARN_64_TO_32_BIT_CONVERSION = YES;
				GCC_WARN_ABOUT_RETURN_TYPE = YES_ERROR;
				GCC_WARN_UNDECLARED_SELECTOR = YES;
				GCC_WARN_UNINITIALIZED_AUTOS = YES_AGGRESSIVE;
				GCC_WARN_UNUSED_FUNCTION = YES;
				GCC_WARN_UNUSED_VARIABLE = YES;
				IPHONEOS_DEPLOYMENT_TARGET = 9.3;
				MTL_ENABLE_DEBUG_INFO = YES;
				ONLY_ACTIVE_ARCH = YES;
				SDKROOT = iphoneos;
				TARGETED_DEVICE_FAMILY = "1,2";
			};
			name = Debug;
		};
		27A74EF81CFE17DB00FE1A80 /* Release */ = {
			isa = XCBuildConfiguration;
			buildSettings = {
				ALWAYS_SEARCH_USER_PATHS = NO;
				CLANG_ANALYZER_NONNULL = YES;
				CLANG_CXX_LANGUAGE_STANDARD = "gnu++0x";
				CLANG_CXX_LIBRARY = "libc++";
				CLANG_ENABLE_MODULES = YES;
				CLANG_ENABLE_OBJC_ARC = YES;
				CLANG_WARN_BOOL_CONVERSION = YES;
				CLANG_WARN_CONSTANT_CONVERSION = YES;
				CLANG_WARN_DIRECT_OBJC_ISA_USAGE = YES_ERROR;
				CLANG_WARN_EMPTY_BODY = YES;
				CLANG_WARN_ENUM_CONVERSION = YES;
				CLANG_WARN_INFINITE_RECURSION = YES;
				CLANG_WARN_INT_CONVERSION = YES;
				CLANG_WARN_OBJC_ROOT_CLASS = YES_ERROR;
				CLANG_WARN_SUSPICIOUS_MOVE = YES;
				CLANG_WARN_UNREACHABLE_CODE = YES;
				CLANG_WARN__DUPLICATE_METHOD_MATCH = YES;
				"CODE_SIGN_IDENTITY[sdk=iphoneos*]" = "iPhone Developer";
				COPY_PHASE_STRIP = NO;
				DEBUG_INFORMATION_FORMAT = "dwarf-with-dsym";
				ENABLE_NS_ASSERTIONS = NO;
				ENABLE_STRICT_OBJC_MSGSEND = YES;
				GCC_C_LANGUAGE_STANDARD = gnu99;
				GCC_NO_COMMON_BLOCKS = YES;
				GCC_WARN_64_TO_32_BIT_CONVERSION = YES;
				GCC_WARN_ABOUT_RETURN_TYPE = YES_ERROR;
				GCC_WARN_UNDECLARED_SELECTOR = YES;
				GCC_WARN_UNINITIALIZED_AUTOS = YES_AGGRESSIVE;
				GCC_WARN_UNUSED_FUNCTION = YES;
				GCC_WARN_UNUSED_VARIABLE = YES;
				IPHONEOS_DEPLOYMENT_TARGET = 9.3;
				MTL_ENABLE_DEBUG_INFO = NO;
				SDKROOT = iphoneos;
				TARGETED_DEVICE_FAMILY = "1,2";
				VALIDATE_PRODUCT = YES;
			};
			name = Release;
		};
		27A74EFA1CFE17DB00FE1A80 /* Debug */ = {
			isa = XCBuildConfiguration;
			buildSettings = {
				ASSETCATALOG_COMPILER_APPICON_NAME = AppIcon;
				DEVELOPMENT_TEAM = V9CEBD9ZBT;
				INFOPLIST_FILE = WebWatcher/Info.plist;
				LD_RUNPATH_SEARCH_PATHS = "$(inherited) @executable_path/Frameworks";
				ONLY_ACTIVE_ARCH = YES;
				PRODUCT_BUNDLE_IDENTIFIER = ca.genoe.WebWatcher;
				PRODUCT_NAME = "$(TARGET_NAME)";
				SDKROOT = iphoneos;
				VALID_ARCHS = "armv7s arm64 armv7";
			};
			name = Debug;
		};
		27A74EFB1CFE17DB00FE1A80 /* Release */ = {
			isa = XCBuildConfiguration;
			buildSettings = {
				ASSETCATALOG_COMPILER_APPICON_NAME = AppIcon;
				DEVELOPMENT_TEAM = V9CEBD9ZBT;
				INFOPLIST_FILE = WebWatcher/Info.plist;
				LD_RUNPATH_SEARCH_PATHS = "$(inherited) @executable_path/Frameworks";
				ONLY_ACTIVE_ARCH = YES;
				PRODUCT_BUNDLE_IDENTIFIER = ca.genoe.WebWatcher;
				PRODUCT_NAME = "$(TARGET_NAME)";
				SDKROOT = iphoneos;
				VALID_ARCHS = "armv7s arm64 armv7";
			};
			name = Release;
		};
		27A74EFD1CFE17DB00FE1A80 /* Debug */ = {
			isa = XCBuildConfiguration;
			buildSettings = {
				BUNDLE_LOADER = "$(TEST_HOST)";
				INFOPLIST_FILE = WebWatcherTests/Info.plist;
				LD_RUNPATH_SEARCH_PATHS = "$(inherited) @executable_path/Frameworks @loader_path/Frameworks";
				PRODUCT_BUNDLE_IDENTIFIER = ca.genoe.WebWatcherTests;
				PRODUCT_NAME = "$(TARGET_NAME)";
				TEST_HOST = "$(BUILT_PRODUCTS_DIR)/WebWatcher.app/WebWatcher";
			};
			name = Debug;
		};
		27A74EFE1CFE17DB00FE1A80 /* Release */ = {
			isa = XCBuildConfiguration;
			buildSettings = {
				BUNDLE_LOADER = "$(TEST_HOST)";
				INFOPLIST_FILE = WebWatcherTests/Info.plist;
				LD_RUNPATH_SEARCH_PATHS = "$(inherited) @executable_path/Frameworks @loader_path/Frameworks";
				PRODUCT_BUNDLE_IDENTIFIER = ca.genoe.WebWatcherTests;
				PRODUCT_NAME = "$(TARGET_NAME)";
				TEST_HOST = "$(BUILT_PRODUCTS_DIR)/WebWatcher.app/WebWatcher";
			};
			name = Release;
		};
		27A74F001CFE17DB00FE1A80 /* Debug */ = {
			isa = XCBuildConfiguration;
			buildSettings = {
				INFOPLIST_FILE = WebWatcherUITests/Info.plist;
				LD_RUNPATH_SEARCH_PATHS = "$(inherited) @executable_path/Frameworks @loader_path/Frameworks";
				PRODUCT_BUNDLE_IDENTIFIER = ca.genoe.WebWatcherUITests;
				PRODUCT_NAME = "$(TARGET_NAME)";
				TEST_TARGET_NAME = WebWatcher;
			};
			name = Debug;
		};
		27A74F011CFE17DB00FE1A80 /* Release */ = {
			isa = XCBuildConfiguration;
			buildSettings = {
				INFOPLIST_FILE = WebWatcherUITests/Info.plist;
				LD_RUNPATH_SEARCH_PATHS = "$(inherited) @executable_path/Frameworks @loader_path/Frameworks";
				PRODUCT_BUNDLE_IDENTIFIER = ca.genoe.WebWatcherUITests;
				PRODUCT_NAME = "$(TARGET_NAME)";
				TEST_TARGET_NAME = WebWatcher;
			};
			name = Release;
		};
/* End XCBuildConfiguration section */

/* Begin XCConfigurationList section */
		27A74EC41CFE17D300FE1A80 /* Build configuration list for PBXProject "WebWatcher" */ = {
			isa = XCConfigurationList;
			buildConfigurations = (
				27A74EF71CFE17DB00FE1A80 /* Debug */,
				27A74EF81CFE17DB00FE1A80 /* Release */,
			);
			defaultConfigurationIsVisible = 0;
			defaultConfigurationName = Release;
		};
		27A74EF91CFE17DB00FE1A80 /* Build configuration list for PBXNativeTarget "WebWatcher" */ = {
			isa = XCConfigurationList;
			buildConfigurations = (
				27A74EFA1CFE17DB00FE1A80 /* Debug */,
				27A74EFB1CFE17DB00FE1A80 /* Release */,
			);
			defaultConfigurationIsVisible = 0;
			defaultConfigurationName = Release;
		};
		27A74EFC1CFE17DB00FE1A80 /* Build configuration list for PBXNativeTarget "WebWatcherTests" */ = {
			isa = XCConfigurationList;
			buildConfigurations = (
				27A74EFD1CFE17DB00FE1A80 /* Debug */,
				27A74EFE1CFE17DB00FE1A80 /* Release */,
			);
			defaultConfigurationIsVisible = 0;
			defaultConfigurationName = Release;
		};
		27A74EFF1CFE17DB00FE1A80 /* Build configuration list for PBXNativeTarget "WebWatcherUITests" */ = {
			isa = XCConfigurationList;
			buildConfigurations = (
				27A74F001CFE17DB00FE1A80 /* Debug */,
				27A74F011CFE17DB00FE1A80 /* Release */,
			);
			defaultConfigurationIsVisible = 0;
			defaultConfigurationName = Release;
		};
/* End XCConfigurationList section */
	};
	rootObject = 27A74EC11CFE17D300FE1A80 /* Project object */;
}
